
Microsoft Visual Studio Solution File, Format Version 12.00
# Visual Studio Version 17
VisualStudioVersion = 17.8.34511.84
MinimumVisualStudioVersion = 10.0.40219.1
Project("{FAE04EC0-301F-11D3-BF4B-00C04F79EFBC}") = "UlearnCommonConsole", "UlearnCommonConsole\UlearnCommonConsole.csproj", "{714494B3-EE33-4050-AD19-139688E41E09}"
EndProject
Global
	GlobalSection(SolutionConfigurationPlatforms) = preSolution
		Debug|Any CPU = Debug|Any CPU
		Release|Any CPU = Release|Any CPU
	EndGlobalSection
	GlobalSection(ProjectConfigurationPlatforms) = postSolution
		{714494B3-EE33-4050-AD19-139688E41E09}.Debug|Any CPU.ActiveCfg = Debug|Any CPU
		{714494B3-EE33-4050-AD19-139688E41E09}.Debug|Any CPU.Build.0 = Debug|Any CPU
		{714494B3-EE33-4050-AD19-139688E41E09}.Release|Any CPU.ActiveCfg = Release|Any CPU
		{714494B3-EE33-4050-AD19-139688E41E09}.Release|Any CPU.Build.0 = Release|Any CPU
	EndGlobalSection
	GlobalSection(SolutionProperties) = preSolution
		HideSolutionNode = FALSE
	EndGlobalSection
	GlobalSection(ExtensibilityGlobals) = postSolution
		SolutionGuid = {96ED2805-0149-4D08-87FA-C1FCB1D21B15}
	EndGlobalSection
EndGlobal
